PODS:
  - SyncServer-Shared (10.0.0)

DEPENDENCIES:
  - SyncServer-Shared (from `../`)

EXTERNAL SOURCES:
  SyncServer-Shared:
    :path: "../"

SPEC CHECKSUMS:
  SyncServer-Shared: 6ee91667856acd726a323b35718c5a3aad0dc3a0

PODFILE CHECKSUM: b3be565d6b3636793b16d09a0e228cb8c113ab08

COCOAPODS: 1.6.1
