PODS:
  - SyncServer-Shared (10.2.0)

DEPENDENCIES:
  - SyncServer-Shared (from `../`)

EXTERNAL SOURCES:
  SyncServer-Shared:
    :path: "../"

SPEC CHECKSUMS:
  SyncServer-Shared: 3782d1ff244d05ee8c79c5d863a3562074787dee

PODFILE CHECKSUM: b3be565d6b3636793b16d09a0e228cb8c113ab08

COCOAPODS: 1.6.1
